// !$*UTF8*$!
{
	archiveVersion = 1;
	classes = {
	};
	objectVersion = 46;
	objects = {

/* Begin PBXBuildFile section */
		A3468E2D1E82E3B800F38D1A /* AppDelegate.swift in Sources */ = {isa = PBXBuildFile; fileRef = A3468E2C1E82E3B800F38D1A /* AppDelegate.swift */; };
		A3468E2F1E82E3B800F38D1A /* GetCareVC.swift in Sources */ = {isa = PBXBuildFile; fileRef = A3468E2E1E82E3B800F38D1A /* GetCareVC.swift */; };
		A3468E311E82E3B800F38D1A /* VisitsVC.swift in Sources */ = {isa = PBXBuildFile; fileRef = A3468E301E82E3B800F38D1A /* VisitsVC.swift */; };
		A3468E341E82E3B800F38D1A /* Main.storyboard in Resources */ = {isa = PBXBuildFile; fileRef = A3468E321E82E3B800F38D1A /* Main.storyboard */; };
		A3468E361E82E3B800F38D1A /* Assets.xcassets in Resources */ = {isa = PBXBuildFile; fileRef = A3468E351E82E3B800F38D1A /* Assets.xcassets */; };
		A3468E391E82E3B800F38D1A /* LaunchScreen.storyboard in Resources */ = {isa = PBXBuildFile; fileRef = A3468E371E82E3B800F38D1A /* LaunchScreen.storyboard */; };
		A3468E441E82E3B900F38D1A /* CareProTabBarDemoTests.swift in Sources */ = {isa = PBXBuildFile; fileRef = A3468E431E82E3B900F38D1A /* CareProTabBarDemoTests.swift */; };
		A3468E4F1E82E3B900F38D1A /* CareProTabBarDemoUITests.swift in Sources */ = {isa = PBXBuildFile; fileRef = A3468E4E1E82E3B900F38D1A /* CareProTabBarDemoUITests.swift */; };
		A3468E5D1E865D0700F38D1A /* RecipientsVC.swift in Sources */ = {isa = PBXBuildFile; fileRef = A3468E5C1E865D0700F38D1A /* RecipientsVC.swift */; };
/* End PBXBuildFile section */

/* Begin PBXContainerItemProxy section */
		A3468E401E82E3B900F38D1A /* PBXContainerItemProxy */ = {
			isa = PBXContainerItemProxy;
			containerPortal = A3468E211E82E3B800F38D1A /* Project object */;
			proxyType = 1;
			remoteGlobalIDString = A3468E281E82E3B800F38D1A;
			remoteInfo = CareProTabBarDemo;
		};
		A3468E4B1E82E3B900F38D1A /* PBXContainerItemProxy */ = {
			isa = PBXContainerItemProxy;
			containerPortal = A3468E211E82E3B800F38D1A /* Project object */;
			proxyType = 1;
			remoteGlobalIDString = A3468E281E82E3B800F38D1A;
			remoteInfo = CareProTabBarDemo;
		};
/* End PBXContainerItemProxy section */

/* Begin PBXFileReference section */
		A3468E291E82E3B800F38D1A /* CareProTabBarDemo.app */ = {isa = PBXFileReference; explicitFileType = wrapper.application; includeInIndex = 0; path = CareProTabBarDemo.app; sourceTree = BUILT_PRODUCTS_DIR; };
		A3468E2C1E82E3B800F38D1A /* AppDelegate.swift */ = {isa = PBXFileReference; lastKnownFileType = sourcecode.swift; path = AppDelegate.swift; sourceTree = "<group>"; };
		A3468E2E1E82E3B800F38D1A /* GetCareVC.swift */ = {isa = PBXFileReference; lastKnownFileType = sourcecode.swift; path = GetCareVC.swift; sourceTree = "<group>"; };
		A3468E301E82E3B800F38D1A /* VisitsVC.swift */ = {isa = PBXFileReference; lastKnownFileType = sourcecode.swift; path = VisitsVC.swift; sourceTree = "<group>"; };
		A3468E331E82E3B800F38D1A /* Base */ = {isa = PBXFileReference; lastKnownFileType = file.storyboard; name = Base; path = Base.lproj/Main.storyboard; sourceTree = "<group>"; };
		A3468E351E82E3B800F38D1A /* Assets.xcassets */ = {isa = PBXFileReference; lastKnownFileType = folder.assetcatalog; path = Assets.xcassets; sourceTree = "<group>"; };
		A3468E381E82E3B800F38D1A /* Base */ = {isa = PBXFileReference; lastKnownFileType = file.storyboard; name = Base; path = Base.lproj/LaunchScreen.storyboard; sourceTree = "<group>"; };
		A3468E3A1E82E3B800F38D1A /* Info.plist */ = {isa = PBXFileReference; lastKnownFileType = text.plist.xml; path = Info.plist; sourceTree = "<group>"; };
		A3468E3F1E82E3B900F38D1A /* CareProTabBarDemoTests.xctest */ = {isa = PBXFileReference; explicitFileType = wrapper.cfbundle; includeInIndex = 0; path = CareProTabBarDemoTests.xctest; sourceTree = BUILT_PRODUCTS_DIR; };
		A3468E431E82E3B900F38D1A /* CareProTabBarDemoTests.swift */ = {isa = PBXFileReference; lastKnownFileType = sourcecode.swift; path = CareProTabBarDemoTests.swift; sourceTree = "<group>"; };
		A3468E451E82E3B900F38D1A /* Info.plist */ = {isa = PBXFileReference; lastKnownFileType = text.plist.xml; path = Info.plist; sourceTree = "<group>"; };
		A3468E4A1E82E3B900F38D1A /* CareProTabBarDemoUITests.xctest */ = {isa = PBXFileReference; explicitFileType = wrapper.cfbundle; includeInIndex = 0; path = CareProTabBarDemoUITests.xctest; sourceTree = BUILT_PRODUCTS_DIR; };
		A3468E4E1E82E3B900F38D1A /* CareProTabBarDemoUITests.swift */ = {isa = PBXFileReference; lastKnownFileType = sourcecode.swift; path = CareProTabBarDemoUITests.swift; sourceTree = "<group>"; };
		A3468E501E82E3B900F38D1A /* Info.plist */ = {isa = PBXFileReference; lastKnownFileType = text.plist.xml; path = Info.plist; sourceTree = "<group>"; };
		A3468E5C1E865D0700F38D1A /* RecipientsVC.swift */ = {isa = PBXFileReference; fileEncoding = 4; lastKnownFileType = sourcecode.swift; path = RecipientsVC.swift; sourceTree = "<group>"; };
/* End PBXFileReference section */

/* Begin PBXFrameworksBuildPhase section */
		A3468E261E82E3B800F38D1A /* Frameworks */ = {
			isa = PBXFrameworksBuildPhase;
			buildActionMask = 2147483647;
			files = (
			);
			runOnlyForDeploymentPostprocessing = 0;
		};
		A3468E3C1E82E3B900F38D1A /* Frameworks */ = {
			isa = PBXFrameworksBuildPhase;
			buildActionMask = 2147483647;
			files = (
			);
			runOnlyForDeploymentPostprocessing = 0;
		};
		A3468E471E82E3B900F38D1A /* Frameworks */ = {
			isa = PBXFrameworksBuildPhase;
			buildActionMask = 2147483647;
			files = (
			);
			runOnlyForDeploymentPostprocessing = 0;
		};
/* End PBXFrameworksBuildPhase section */

/* Begin PBXGroup section */
		A3468E201E82E3B800F38D1A = {
			isa = PBXGroup;
			children = (
				A3468E2B1E82E3B800F38D1A /* CareProTabBarDemo */,
				A3468E421E82E3B900F38D1A /* CareProTabBarDemoTests */,
				A3468E4D1E82E3B900F38D1A /* CareProTabBarDemoUITests */,
				A3468E2A1E82E3B800F38D1A /* Products */,
			);
			sourceTree = "<group>";
		};
		A3468E2A1E82E3B800F38D1A /* Products */ = {
			isa = PBXGroup;
			children = (
				A3468E291E82E3B800F38D1A /* CareProTabBarDemo.app */,
				A3468E3F1E82E3B900F38D1A /* CareProTabBarDemoTests.xctest */,
				A3468E4A1E82E3B900F38D1A /* CareProTabBarDemoUITests.xctest */,
			);
			name = Products;
			sourceTree = "<group>";
		};
		A3468E2B1E82E3B800F38D1A /* CareProTabBarDemo */ = {
			isa = PBXGroup;
			children = (
				A3468E2C1E82E3B800F38D1A /* AppDelegate.swift */,
				A3468E2E1E82E3B800F38D1A /* GetCareVC.swift */,
				A3468E301E82E3B800F38D1A /* VisitsVC.swift */,
				A3468E321E82E3B800F38D1A /* Main.storyboard */,
				A3468E351E82E3B800F38D1A /* Assets.xcassets */,
				A3468E371E82E3B800F38D1A /* LaunchScreen.storyboard */,
				A3468E3A1E82E3B800F38D1A /* Info.plist */,
				A3468E5C1E865D0700F38D1A /* RecipientsVC.swift */,
			);
			path = CareProTabBarDemo;
			sourceTree = "<group>";
		};
		A3468E421E82E3B900F38D1A /* CareProTabBarDemoTests */ = {
			isa = PBXGroup;
			children = (
				A3468E431E82E3B900F38D1A /* CareProTabBarDemoTests.swift */,
				A3468E451E82E3B900F38D1A /* Info.plist */,
			);
			path = CareProTabBarDemoTests;
			sourceTree = "<group>";
		};
		A3468E4D1E82E3B900F38D1A /* CareProTabBarDemoUITests */ = {
			isa = PBXGroup;
			children = (
				A3468E4E1E82E3B900F38D1A /* CareProTabBarDemoUITests.swift */,
				A3468E501E82E3B900F38D1A /* Info.plist */,
			);
			path = CareProTabBarDemoUITests;
			sourceTree = "<group>";
		};
/* End PBXGroup section */

/* Begin PBXNativeTarget section */
		A3468E281E82E3B800F38D1A /* CareProTabBarDemo */ = {
			isa = PBXNativeTarget;
			buildConfigurationList = A3468E531E82E3B900F38D1A /* Build configuration list for PBXNativeTarget "CareProTabBarDemo" */;
			buildPhases = (
				A3468E251E82E3B800F38D1A /* Sources */,
				A3468E261E82E3B800F38D1A /* Frameworks */,
				A3468E271E82E3B800F38D1A /* Resources */,
			);
			buildRules = (
			);
			dependencies = (
			);
			name = CareProTabBarDemo;
			productName = CareProTabBarDemo;
			productReference = A3468E291E82E3B800F38D1A /* CareProTabBarDemo.app */;
			productType = "com.apple.product-type.application";
		};
		A3468E3E1E82E3B900F38D1A /* CareProTabBarDemoTests */ = {
			isa = PBXNativeTarget;
			buildConfigurationList = A3468E561E82E3B900F38D1A /* Build configuration list for PBXNativeTarget "CareProTabBarDemoTests" */;
			buildPhases = (
				A3468E3B1E82E3B900F38D1A /* Sources */,
				A3468E3C1E82E3B900F38D1A /* Frameworks */,
				A3468E3D1E82E3B900F38D1A /* Resources */,
			);
			buildRules = (
			);
			dependencies = (
				A3468E411E82E3B900F38D1A /* PBXTargetDependency */,
			);
			name = CareProTabBarDemoTests;
			productName = CareProTabBarDemoTests;
			productReference = A3468E3F1E82E3B900F38D1A /* CareProTabBarDemoTests.xctest */;
			productType = "com.apple.product-type.bundle.unit-test";
		};
		A3468E491E82E3B900F38D1A /* CareProTabBarDemoUITests */ = {
			isa = PBXNativeTarget;
			buildConfigurationList = A3468E591E82E3B900F38D1A /* Build configuration list for PBXNativeTarget "CareProTabBarDemoUITests" */;
			buildPhases = (
				A3468E461E82E3B900F38D1A /* Sources */,
				A3468E471E82E3B900F38D1A /* Frameworks */,
				A3468E481E82E3B900F38D1A /* Resources */,
			);
			buildRules = (
			);
			dependencies = (
				A3468E4C1E82E3B900F38D1A /* PBXTargetDependency */,
			);
			name = CareProTabBarDemoUITests;
			productName = CareProTabBarDemoUITests;
			productReference = A3468E4A1E82E3B900F38D1A /* CareProTabBarDemoUITests.xctest */;
			productType = "com.apple.product-type.bundle.ui-testing";
		};
/* End PBXNativeTarget section */

/* Begin PBXProject section */
		A3468E211E82E3B800F38D1A /* Project object */ = {
			isa = PBXProject;
			attributes = {
				LastSwiftUpdateCheck = 0820;
				LastUpgradeCheck = 0820;
				ORGANIZATIONNAME = Nitesh;
				TargetAttributes = {
					A3468E281E82E3B800F38D1A = {
						CreatedOnToolsVersion = 8.2.1;
						DevelopmentTeam = WY25JZ5T88;
						ProvisioningStyle = Automatic;
					};
					A3468E3E1E82E3B900F38D1A = {
						CreatedOnToolsVersion = 8.2.1;
						DevelopmentTeam = WY25JZ5T88;
						ProvisioningStyle = Automatic;
						TestTargetID = A3468E281E82E3B800F38D1A;
					};
					A3468E491E82E3B900F38D1A = {
						CreatedOnToolsVersion = 8.2.1;
						DevelopmentTeam = WY25JZ5T88;
						ProvisioningStyle = Automatic;
						TestTargetID = A3468E281E82E3B800F38D1A;
					};
				};
			};
			buildConfigurationList = A3468E241E82E3B800F38D1A /* Build configuration list for PBXProject "CareProTabBarDemo" */;
			compatibilityVersion = "Xcode 3.2";
			developmentRegion = English;
			hasScannedForEncodings = 0;
			knownRegions = (
				en,
				Base,
			);
			mainGroup = A3468E201E82E3B800F38D1A;
			productRefGroup = A3468E2A1E82E3B800F38D1A /* Products */;
			projectDirPath = "";
			projectRoot = "";
			targets = (
				A3468E281E82E3B800F38D1A /* CareProTabBarDemo */,
				A3468E3E1E82E3B900F38D1A /* CareProTabBarDemoTests */,
				A3468E491E82E3B900F38D1A /* CareProTabBarDemoUITests */,
			);
		};
/* End PBXProject section */

/* Begin PBXResourcesBuildPhase section */
		A3468E271E82E3B800F38D1A /* Resources */ = {
			isa = PBXResourcesBuildPhase;
			buildActionMask = 2147483647;
			files = (
				A3468E391E82E3B800F38D1A /* LaunchScreen.storyboard in Resources */,
				A3468E361E82E3B800F38D1A /* Assets.xcassets in Resources */,
				A3468E341E82E3B800F38D1A /* Main.storyboard in Resources */,
			);
			runOnlyForDeploymentPostprocessing = 0;
		};
		A3468E3D1E82E3B900F38D1A /* Resources */ = {
			isa = PBXResourcesBuildPhase;
			buildActionMask = 2147483647;
			files = (
			);
			runOnlyForDeploymentPostprocessing = 0;
		};
		A3468E481E82E3B900F38D1A /* Resources */ = {
			isa = PBXResourcesBuildPhase;
			buildActionMask = 2147483647;
			files = (
			);
			runOnlyForDeploymentPostprocessing = 0;
		};
/* End PBXResourcesBuildPhase section */

/* Begin PBXSourcesBuildPhase section */
		A3468E251E82E3B800F38D1A /* Sources */ = {
			isa = PBXSourcesBuildPhase;
			buildActionMask = 2147483647;
			files = (
				A3468E5D1E865D0700F38D1A /* RecipientsVC.swift in Sources */,
				A3468E311E82E3B800F38D1A /* VisitsVC.swift in Sources */,
				A3468E2D1E82E3B800F38D1A /* AppDelegate.swift in Sources */,
				A3468E2F1E82E3B800F38D1A /* GetCareVC.swift in Sources */,
			);
			runOnlyForDeploymentPostprocessing = 0;
		};
		A3468E3B1E82E3B900F38D1A /* Sources */ = {
			isa = PBXSourcesBuildPhase;
			buildActionMask = 2147483647;
			files = (
				A3468E441E82E3B900F38D1A /* CareProTabBarDemoTests.swift in Sources */,
			);
			runOnlyForDeploymentPostprocessing = 0;
		};
		A3468E461E82E3B900F38D1A /* Sources */ = {
			isa = PBXSourcesBuildPhase;
			buildActionMask = 2147483647;
			files = (
				A3468E4F1E82E3B900F38D1A /* CareProTabBarDemoUITests.swift in Sources */,
			);
			runOnlyForDeploymentPostprocessing = 0;
		};
/* End PBXSourcesBuildPhase section */

/* Begin PBXTargetDependency section */
		A3468E411E82E3B900F38D1A /* PBXTargetDependency */ = {
			isa = PBXTargetDependency;
			target = A3468E281E82E3B800F38D1A /* CareProTabBarDemo */;
			targetProxy = A3468E401E82E3B900F38D1A /* PBXContainerItemProxy */;
		};
		A3468E4C1E82E3B900F38D1A /* PBXTargetDependency */ = {
			isa = PBXTargetDependency;
			target = A3468E281E82E3B800F38D1A /* CareProTabBarDemo */;
			targetProxy = A3468E4B1E82E3B900F38D1A /* PBXContainerItemProxy */;
		};
/* End PBXTargetDependency section */

/* Begin PBXVariantGroup section */
		A3468E321E82E3B800F38D1A /* Main.storyboard */ = {
			isa = PBXVariantGroup;
			children = (
				A3468E331E82E3B800F38D1A /* Base */,
			);
			name = Main.storyboard;
			sourceTree = "<group>";
		};
		A3468E371E82E3B800F38D1A /* LaunchScreen.storyboard */ = {
			isa = PBXVariantGroup;
			children = (
				A3468E381E82E3B800F38D1A /* Base */,
			);
			name = LaunchScreen.storyboard;
			sourceTree = "<group>";
		};
/* End PBXVariantGroup section */

/* Begin XCBuildConfiguration section */
		A3468E511E82E3B900F38D1A /* Debug */ = {
			isa = XCBuildConfiguration;
			buildSettings = {
				ALWAYS_SEARCH_USER_PATHS = NO;
				CLANG_ANALYZER_NONNULL = YES;
				CLANG_CXX_LANGUAGE_STANDARD = "gnu++0x";
				CLANG_CXX_LIBRARY = "libc++";
				CLANG_ENABLE_MODULES = YES;
				CLANG_ENABLE_OBJC_ARC = YES;
				CLANG_WARN_BOOL_CONVERSION = YES;
				CLANG_WARN_CONSTANT_CONVERSION = YES;
				CLANG_WARN_DIRECT_OBJC_ISA_USAGE = YES_ERROR;
				CLANG_WARN_DOCUMENTATION_COMMENTS = YES;
				CLANG_WARN_EMPTY_BODY = YES;
				CLANG_WARN_ENUM_CONVERSION = YES;
				CLANG_WARN_INFINITE_RECURSION = YES;
				CLANG_WARN_INT_CONVERSION = YES;
				CLANG_WARN_OBJC_ROOT_CLASS = YES_ERROR;
				CLANG_WARN_SUSPICIOUS_MOVE = YES;
				CLANG_WARN_UNREACHABLE_CODE = YES;
				CLANG_WARN__DUPLICATE_METHOD_MATCH = YES;
				"CODE_SIGN_IDENTITY[sdk=iphoneos*]" = "iPhone Developer";
				COPY_PHASE_STRIP = NO;
				DEBUG_INFORMATION_FORMAT = dwarf;
				ENABLE_STRICT_OBJC_MSGSEND = YES;
				ENABLE_TESTABILITY = YES;
				GCC_C_LANGUAGE_STANDARD = gnu99;
				GCC_DYNAMIC_NO_PIC = NO;
				GCC_NO_COMMON_BLOCKS = YES;
				GCC_OPTIMIZATION_LEVEL = 0;
				GCC_PREPROCESSOR_DEFINITIONS = (
					"DEBUG=1",
					"$(inherited)",
				);
				GCC_WARN_64_TO_32_BIT_CONVERSION = YES;
				GCC_WARN_ABOUT_RETURN_TYPE = YES_ERROR;
				GCC_WARN_UNDECLARED_SELECTOR = YES;
				GCC_WARN_UNINITIALIZED_AUTOS = YES_AGGRESSIVE;
				GCC_WARN_UNUSED_FUNCTION = YES;
				GCC_WARN_UNUSED_VARIABLE = YES;
				IPHONEOS_DEPLOYMENT_TARGET = 10.2;
				MTL_ENABLE_DEBUG_INFO = YES;
				ONLY_ACTIVE_ARCH = YES;
				SDKROOT = iphoneos;
				SWIFT_ACTIVE_COMPILATION_CONDITIONS = DEBUG;
				SWIFT_OPTIMIZATION_LEVEL = "-Onone";
			};
			name = Debug;
		};
		A3468E521E82E3B900F38D1A /* Release */ = {
			isa = XCBuildConfiguration;
			buildSettings = {
				ALWAYS_SEARCH_USER_PATHS = NO;
				CLANG_ANALYZER_NONNULL = YES;
				CLANG_CXX_LANGUAGE_STANDARD = "gnu++0x";
				CLANG_CXX_LIBRARY = "libc++";
				CLANG_ENABLE_MODULES = YES;
				CLANG_ENABLE_OBJC_ARC = YES;
				CLANG_WARN_BOOL_CONVERSION = YES;
				CLANG_WARN_CONSTANT_CONVERSION = YES;
				CLANG_WARN_DIRECT_OBJC_ISA_USAGE = YES_ERROR;
				CLANG_WARN_DOCUMENTATION_COMMENTS = YES;
				CLANG_WARN_EMPTY_BODY = YES;
				CLANG_WARN_ENUM_CONVERSION = YES;
				CLANG_WARN_INFINITE_RECURSION = YES;
				CLANG_WARN_INT_CONVERSION = YES;
				CLANG_WARN_OBJC_ROOT_CLASS = YES_ERROR;
				CLANG_WARN_SUSPICIOUS_MOVE = YES;
				CLANG_WARN_UNREACHABLE_CODE = YES;
				CLANG_WARN__DUPLICATE_METHOD_MATCH = YES;
				"CODE_SIGN_IDENTITY[sdk=iphoneos*]" = "iPhone Developer";
				COPY_PHASE_STRIP = NO;
				DEBUG_INFORMATION_FORMAT = "dwarf-with-dsym";
				ENABLE_NS_ASSERTIONS = NO;
				ENABLE_STRICT_OBJC_MSGSEND = YES;
				GCC_C_LANGUAGE_STANDARD = gnu99;
				GCC_NO_COMMON_BLOCKS = YES;
				GCC_WARN_64_TO_32_BIT_CONVERSION = YES;
				GCC_WARN_ABOUT_RETURN_TYPE = YES_ERROR;
				GCC_WARN_UNDECLARED_SELECTOR = YES;
				GCC_WARN_UNINITIALIZED_AUTOS = YES_AGGRESSIVE;
				GCC_WARN_UNUSED_FUNCTION = YES;
				GCC_WARN_UNUSED_VARIABLE = YES;
				IPHONEOS_DEPLOYMENT_TARGET = 10.2;
				MTL_ENABLE_DEBUG_INFO = NO;
				SDKROOT = iphoneos;
				SWIFT_OPTIMIZATION_LEVEL = "-Owholemodule";
				VALIDATE_PRODUCT = YES;
			};
			name = Release;
		};
		A3468E541E82E3B900F38D1A /* Debug */ = {
			isa = XCBuildConfiguration;
			buildSettings = {
				ASSETCATALOG_COMPILER_APPICON_NAME = AppIcon;
				DEVELOPMENT_TEAM = WY25JZ5T88;
				INFOPLIST_FILE = CareProTabBarDemo/Info.plist;
				LD_RUNPATH_SEARCH_PATHS = "$(inherited) @executable_path/Frameworks";
				PRODUCT_BUNDLE_IDENTIFIER = com.nitesh.carepro;
				PRODUCT_NAME = "$(TARGET_NAME)";
				SWIFT_VERSION = 3.0;
			};
			name = Debug;
		};
		A3468E551E82E3B900F38D1A /* Release */ = {
			isa = XCBuildConfiguration;
			buildSettings = {
				ASSETCATALOG_COMPILER_APPICON_NAME = AppIcon;
				DEVELOPMENT_TEAM = WY25JZ5T88;
				INFOPLIST_FILE = CareProTabBarDemo/Info.plist;
				LD_RUNPATH_SEARCH_PATHS = "$(inherited) @executable_path/Frameworks";
				PRODUCT_BUNDLE_IDENTIFIER = com.nitesh.carepro;
				PRODUCT_NAME = "$(TARGET_NAME)";
				SWIFT_VERSION = 3.0;
			};
			name = Release;
		};
		A3468E571E82E3B900F38D1A /* Debug */ = {
			isa = XCBuildConfiguration;
			buildSettings = {
				ALWAYS_EMBED_SWIFT_STANDARD_LIBRARIES = YES;
				BUNDLE_LOADER = "$(TEST_HOST)";
				DEVELOPMENT_TEAM = WY25JZ5T88;
				INFOPLIST_FILE = CareProTabBarDemoTests/Info.plist;
				LD_RUNPATH_SEARCH_PATHS = "$(inherited) @executable_path/Frameworks @loader_path/Frameworks";
				PRODUCT_BUNDLE_IDENTIFIER = com.nitesh.carepro.CareProTabBarDemoTests;
				PRODUCT_NAME = "$(TARGET_NAME)";
				SWIFT_VERSION = 3.0;
				TEST_HOST = "$(BUILT_PRODUCTS_DIR)/CareProTabBarDemo.app/CareProTabBarDemo";
			};
			name = Debug;
		};
		A3468E581E82E3B900F38D1A /* Release */ = {
			isa = XCBuildConfiguration;
			buildSettings = {
				ALWAYS_EMBED_SWIFT_STANDARD_LIBRARIES = YES;
				BUNDLE_LOADER = "$(TEST_HOST)";
				DEVELOPMENT_TEAM = WY25JZ5T88;
				INFOPLIST_FILE = CareProTabBarDemoTests/Info.plist;
				LD_RUNPATH_SEARCH_PATHS = "$(inherited) @executable_path/Frameworks @loader_path/Frameworks";
				PRODUCT_BUNDLE_IDENTIFIER = com.nitesh.carepro.CareProTabBarDemoTests;
				PRODUCT_NAME = "$(TARGET_NAME)";
				SWIFT_VERSION = 3.0;
				TEST_HOST = "$(BUILT_PRODUCTS_DIR)/CareProTabBarDemo.app/CareProTabBarDemo";
			};
			name = Release;
		};
		A3468E5A1E82E3B900F38D1A /* Debug */ = {
			isa = XCBuildConfiguration;
			buildSettings = {
				ALWAYS_EMBED_SWIFT_STANDARD_LIBRARIES = YES;
				DEVELOPMENT_TEAM = WY25JZ5T88;
				INFOPLIST_FILE = CareProTabBarDemoUITests/Info.plist;
				LD_RUNPATH_SEARCH_PATHS = "$(inherited) @executable_path/Frameworks @loader_path/Frameworks";
				PRODUCT_BUNDLE_IDENTIFIER = com.nitesh.carepro.CareProTabBarDemoUITests;
				PRODUCT_NAME = "$(TARGET_NAME)";
				SWIFT_VERSION = 3.0;
				TEST_TARGET_NAME = CareProTabBarDemo;
			};
			name = Debug;
		};
		A3468E5B1E82E3B900F38D1A /* Release */ = {
			isa = XCBuildConfiguration;
			buildSettings = {
				ALWAYS_EMBED_SWIFT_STANDARD_LIBRARIES = YES;
				DEVELOPMENT_TEAM = WY25JZ5T88;
				INFOPLIST_FILE = CareProTabBarDemoUITests/Info.plist;
				LD_RUNPATH_SEARCH_PATHS = "$(inherited) @executable_path/Frameworks @loader_path/Frameworks";
				PRODUCT_BUNDLE_IDENTIFIER = com.nitesh.carepro.CareProTabBarDemoUITests;
				PRODUCT_NAME = "$(TARGET_NAME)";
				SWIFT_VERSION = 3.0;
				TEST_TARGET_NAME = CareProTabBarDemo;
			};
			name = Release;
		};
/* End XCBuildConfiguration section */

/* Begin XCConfigurationList section */
		A3468E241E82E3B800F38D1A /* Build configuration list for PBXProject "CareProTabBarDemo" */ = {
			isa = XCConfigurationList;
			buildConfigurations = (
				A3468E511E82E3B900F38D1A /* Debug */,
				A3468E521E82E3B900F38D1A /* Release */,
			);
			defaultConfigurationIsVisible = 0;
			defaultConfigurationName = Release;
		};
		A3468E531E82E3B900F38D1A /* Build configuration list for PBXNativeTarget "CareProTabBarDemo" */ = {
			isa = XCConfigurationList;
			buildConfigurations = (
				A3468E541E82E3B900F38D1A /* Debug */,
				A3468E551E82E3B900F38D1A /* Release */,
			);
			defaultConfigurationIsVisible = 0;
		};
		A3468E561E82E3B900F38D1A /* Build configuration list for PBXNativeTarget "CareProTabBarDemoTests" */ = {
			isa = XCConfigurationList;
			buildConfigurations = (
				A3468E571E82E3B900F38D1A /* Debug */,
				A3468E581E82E3B900F38D1A /* Release */,
			);
			defaultConfigurationIsVisible = 0;
		};
		A3468E591E82E3B900F38D1A /* Build configuration list for PBXNativeTarget "CareProTabBarDemoUITests" */ = {
			isa = XCConfigurationList;
			buildConfigurations = (
				A3468E5A1E82E3B900F38D1A /* Debug */,
				A3468E5B1E82E3B900F38D1A /* Release */,
			);
			defaultConfigurationIsVisible = 0;
		};
/* End XCConfigurationList section */
	};
	rootObject = A3468E211E82E3B800F38D1A /* Project object */;
}
